// !$*UTF8*$!
{
	archiveVersion = 1;
	classes = {
	};
	objectVersion = 46;
	objects = {

/* Begin PBXBuildFile section */
		E8A575041AB363830028D82D /* main.m in Sources */ = {isa = PBXBuildFile; fileRef = E8A575031AB363830028D82D /* main.m */; };
		E8A575071AB363830028D82D /* AppDelegate.m in Sources */ = {isa = PBXBuildFile; fileRef = E8A575061AB363830028D82D /* AppDelegate.m */; };
		E8A5750A1AB363830028D82D /* ViewController.m in Sources */ = {isa = PBXBuildFile; fileRef = E8A575091AB363830028D82D /* ViewController.m */; };
		E8A5750D1AB363830028D82D /* Main.storyboard in Resources */ = {isa = PBXBuildFile; fileRef = E8A5750B1AB363830028D82D /* Main.storyboard */; };
		E8A5750F1AB363830028D82D /* Images.xcassets in Resources */ = {isa = PBXBuildFile; fileRef = E8A5750E1AB363830028D82D /* Images.xcassets */; };
		E8A575121AB363830028D82D /* LaunchScreen.xib in Resources */ = {isa = PBXBuildFile; fileRef = E8A575101AB363830028D82D /* LaunchScreen.xib */; };
		E8A5751E1AB363830028D82D /* ASDrawOnCanvasHWTests.m in Sources */ = {isa = PBXBuildFile; fileRef = E8A5751D1AB363830028D82D /* ASDrawOnCanvasHWTests.m */; };
		E8DD40661AB8C11C001316CC /* PaintImage.png in Resources */ = {isa = PBXBuildFile; fileRef = E8DD40651AB8C11C001316CC /* PaintImage.png */; };
		E8DD406C1AB8C9EF001316CC /* ASCurrentColorView.m in Sources */ = {isa = PBXBuildFile; fileRef = E8DD406B1AB8C9EF001316CC /* ASCurrentColorView.m */; };
		E8DD406F1AB8CA57001316CC /* ASDrawingView.m in Sources */ = {isa = PBXBuildFile; fileRef = E8DD406E1AB8CA57001316CC /* ASDrawingView.m */; };
/* End PBXBuildFile section */

/* Begin PBXContainerItemProxy section */
		E8A575181AB363830028D82D /* PBXContainerItemProxy */ = {
			isa = PBXContainerItemProxy;
			containerPortal = E8A574F61AB363830028D82D /* Project object */;
			proxyType = 1;
			remoteGlobalIDString = E8A574FD1AB363830028D82D;
			remoteInfo = ASDrawOnCanvasHW;
		};
/* End PBXContainerItemProxy section */

/* Begin PBXFileReference section */
		E8A574FE1AB363830028D82D /* ASDrawOnCanvasHW.app */ = {isa = PBXFileReference; explicitFileType = wrapper.application; includeInIndex = 0; path = ASDrawOnCanvasHW.app; sourceTree = BUILT_PRODUCTS_DIR; };
		E8A575021AB363830028D82D /* Info.plist */ = {isa = PBXFileReference; lastKnownFileType = text.plist.xml; path = Info.plist; sourceTree = "<group>"; };
		E8A575031AB363830028D82D /* main.m */ = {isa = PBXFileReference; lastKnownFileType = sourcecode.c.objc; path = main.m; sourceTree = "<group>"; };
		E8A575051AB363830028D82D /* AppDelegate.h */ = {isa = PBXFileReference; lastKnownFileType = sourcecode.c.h; path = AppDelegate.h; sourceTree = "<group>"; };
		E8A575061AB363830028D82D /* AppDelegate.m */ = {isa = PBXFileReference; lastKnownFileType = sourcecode.c.objc; path = AppDelegate.m; sourceTree = "<group>"; };
		E8A575081AB363830028D82D /* ViewController.h */ = {isa = PBXFileReference; lastKnownFileType = sourcecode.c.h; path = ViewController.h; sourceTree = "<group>"; };
		E8A575091AB363830028D82D /* ViewController.m */ = {isa = PBXFileReference; lastKnownFileType = sourcecode.c.objc; path = ViewController.m; sourceTree = "<group>"; };
		E8A5750C1AB363830028D82D /* Base */ = {isa = PBXFileReference; lastKnownFileType = file.storyboard; name = Base; path = Base.lproj/Main.storyboard; sourceTree = "<group>"; };
		E8A5750E1AB363830028D82D /* Images.xcassets */ = {isa = PBXFileReference; lastKnownFileType = folder.assetcatalog; path = Images.xcassets; sourceTree = "<group>"; };
		E8A575111AB363830028D82D /* Base */ = {isa = PBXFileReference; lastKnownFileType = file.xib; name = Base; path = Base.lproj/LaunchScreen.xib; sourceTree = "<group>"; };
		E8A575171AB363830028D82D /* ASDrawOnCanvasHWTests.xctest */ = {isa = PBXFileReference; explicitFileType = wrapper.cfbundle; includeInIndex = 0; path = ASDrawOnCanvasHWTests.xctest; sourceTree = BUILT_PRODUCTS_DIR; };
		E8A5751C1AB363830028D82D /* Info.plist */ = {isa = PBXFileReference; lastKnownFileType = text.plist.xml; path = Info.plist; sourceTree = "<group>"; };
		E8A5751D1AB363830028D82D /* ASDrawOnCanvasHWTests.m */ = {isa = PBXFileReference; lastKnownFileType = sourcecode.c.objc; path = ASDrawOnCanvasHWTests.m; sourceTree = "<group>"; };
		E8DD40651AB8C11C001316CC /* PaintImage.png */ = {isa = PBXFileReference; lastKnownFileType = image.png; path = PaintImage.png; sourceTree = "<group>"; };
		E8DD406A1AB8C9EF001316CC /* ASCurrentColorView.h */ = {isa = PBXFileReference; fileEncoding = 4; lastKnownFileType = sourcecode.c.h; name = ASCurrentColorView.h; path = ../ASCurrentColorView.h; sourceTree = "<group>"; };
		E8DD406B1AB8C9EF001316CC /* ASCurrentColorView.m */ = {isa = PBXFileReference; fileEncoding = 4; lastKnownFileType = sourcecode.c.objc; name = ASCurrentColorView.m; path = ../ASCurrentColorView.m; sourceTree = "<group>"; };
		E8DD406D1AB8CA57001316CC /* ASDrawingView.h */ = {isa = PBXFileReference; fileEncoding = 4; lastKnownFileType = sourcecode.c.h; name = ASDrawingView.h; path = ../ASDrawingView.h; sourceTree = "<group>"; };
		E8DD406E1AB8CA57001316CC /* ASDrawingView.m */ = {isa = PBXFileReference; fileEncoding = 4; lastKnownFileType = sourcecode.c.objc; name = ASDrawingView.m; path = ../ASDrawingView.m; sourceTree = "<group>"; };
/* End PBXFileReference section */

/* Begin PBXFrameworksBuildPhase section */
		E8A574FB1AB363830028D82D /* Frameworks */ = {
			isa = PBXFrameworksBuildPhase;
			buildActionMask = 2147483647;
			files = (
			);
			runOnlyForDeploymentPostprocessing = 0;
		};
		E8A575141AB363830028D82D /* Frameworks */ = {
			isa = PBXFrameworksBuildPhase;
			buildActionMask = 2147483647;
			files = (
			);
			runOnlyForDeploymentPostprocessing = 0;
		};
/* End PBXFrameworksBuildPhase section */

/* Begin PBXGroup section */
		E8A574F51AB363830028D82D = {
			isa = PBXGroup;
			children = (
				E8A575001AB363830028D82D /* ASDrawOnCanvasHW */,
				E8A5751A1AB363830028D82D /* ASDrawOnCanvasHWTests */,
				E8A574FF1AB363830028D82D /* Products */,
				E8DD40691AB8C1FE001316CC /* Images */,
			);
			sourceTree = "<group>";
		};
		E8A574FF1AB363830028D82D /* Products */ = {
			isa = PBXGroup;
			children = (
				E8A574FE1AB363830028D82D /* ASDrawOnCanvasHW.app */,
				E8A575171AB363830028D82D /* ASDrawOnCanvasHWTests.xctest */,
			);
			name = Products;
			sourceTree = "<group>";
		};
		E8A575001AB363830028D82D /* ASDrawOnCanvasHW */ = {
			isa = PBXGroup;
			children = (
				E8A575051AB363830028D82D /* AppDelegate.h */,
				E8A575061AB363830028D82D /* AppDelegate.m */,
				E8A575081AB363830028D82D /* ViewController.h */,
				E8A575091AB363830028D82D /* ViewController.m */,
				E8DD406A1AB8C9EF001316CC /* ASCurrentColorView.h */,
				E8DD406B1AB8C9EF001316CC /* ASCurrentColorView.m */,
				E8DD406D1AB8CA57001316CC /* ASDrawingView.h */,
				E8DD406E1AB8CA57001316CC /* ASDrawingView.m */,
				E8A5750B1AB363830028D82D /* Main.storyboard */,
				E8A5750E1AB363830028D82D /* Images.xcassets */,
				E8A575101AB363830028D82D /* LaunchScreen.xib */,
				E8A575011AB363830028D82D /* Supporting Files */,
			);
			path = ASDrawOnCanvasHW;
			sourceTree = "<group>";
		};
		E8A575011AB363830028D82D /* Supporting Files */ = {
			isa = PBXGroup;
			children = (
				E8A575021AB363830028D82D /* Info.plist */,
				E8A575031AB363830028D82D /* main.m */,
			);
			name = "Supporting Files";
			sourceTree = "<group>";
		};
		E8A5751A1AB363830028D82D /* ASDrawOnCanvasHWTests */ = {
			isa = PBXGroup;
			children = (
				E8A5751D1AB363830028D82D /* ASDrawOnCanvasHWTests.m */,
				E8A5751B1AB363830028D82D /* Supporting Files */,
			);
			path = ASDrawOnCanvasHWTests;
			sourceTree = "<group>";
		};
		E8A5751B1AB363830028D82D /* Supporting Files */ = {
			isa = PBXGroup;
			children = (
				E8A5751C1AB363830028D82D /* Info.plist */,
			);
			name = "Supporting Files";
			sourceTree = "<group>";
		};
		E8DD40691AB8C1FE001316CC /* Images */ = {
			isa = PBXGroup;
			children = (
				E8DD40651AB8C11C001316CC /* PaintImage.png */,
			);
			name = Images;
			sourceTree = "<group>";
		};
/* End PBXGroup section */

/* Begin PBXNativeTarget section */
		E8A574FD1AB363830028D82D /* ASDrawOnCanvasHW */ = {
			isa = PBXNativeTarget;
			buildConfigurationList = E8A575211AB363830028D82D /* Build configuration list for PBXNativeTarget "ASDrawOnCanvasHW" */;
			buildPhases = (
				E8A574FA1AB363830028D82D /* Sources */,
				E8A574FB1AB363830028D82D /* Frameworks */,
				E8A574FC1AB363830028D82D /* Resources */,
			);
			buildRules = (
			);
			dependencies = (
			);
			name = ASDrawOnCanvasHW;
			productName = ASDrawOnCanvasHW;
			productReference = E8A574FE1AB363830028D82D /* ASDrawOnCanvasHW.app */;
			productType = "com.apple.product-type.application";
		};
		E8A575161AB363830028D82D /* ASDrawOnCanvasHWTests */ = {
			isa = PBXNativeTarget;
			buildConfigurationList = E8A575241AB363830028D82D /* Build configuration list for PBXNativeTarget "ASDrawOnCanvasHWTests" */;
			buildPhases = (
				E8A575131AB363830028D82D /* Sources */,
				E8A575141AB363830028D82D /* Frameworks */,
				E8A575151AB363830028D82D /* Resources */,
			);
			buildRules = (
			);
			dependencies = (
				E8A575191AB363830028D82D /* PBXTargetDependency */,
			);
			name = ASDrawOnCanvasHWTests;
			productName = ASDrawOnCanvasHWTests;
			productReference = E8A575171AB363830028D82D /* ASDrawOnCanvasHWTests.xctest */;
			productType = "com.apple.product-type.bundle.unit-test";
		};
/* End PBXNativeTarget section */

/* Begin PBXProject section */
		E8A574F61AB363830028D82D /* Project object */ = {
			isa = PBXProject;
			attributes = {
				LastUpgradeCheck = 0610;
				ORGANIZATIONNAME = "Alexandr Sergienko";
				TargetAttributes = {
					E8A574FD1AB363830028D82D = {
						CreatedOnToolsVersion = 6.1.1;
					};
					E8A575161AB363830028D82D = {
						CreatedOnToolsVersion = 6.1.1;
						TestTargetID = E8A574FD1AB363830028D82D;
					};
				};
			};
			buildConfigurationList = E8A574F91AB363830028D82D /* Build configuration list for PBXProject "ASDrawOnCanvasHW" */;
			compatibilityVersion = "Xcode 3.2";
			developmentRegion = English;
			hasScannedForEncodings = 0;
			knownRegions = (
				en,
				Base,
			);
			mainGroup = E8A574F51AB363830028D82D;
			productRefGroup = E8A574FF1AB363830028D82D /* Products */;
			projectDirPath = "";
			projectRoot = "";
			targets = (
				E8A574FD1AB363830028D82D /* ASDrawOnCanvasHW */,
				E8A575161AB363830028D82D /* ASDrawOnCanvasHWTests */,
			);
		};
/* End PBXProject section */

/* Begin PBXResourcesBuildPhase section */
		E8A574FC1AB363830028D82D /* Resources */ = {
			isa = PBXResourcesBuildPhase;
			buildActionMask = 2147483647;
			files = (
				E8A5750D1AB363830028D82D /* Main.storyboard in Resources */,
				E8A575121AB363830028D82D /* LaunchScreen.xib in Resources */,
				E8DD40661AB8C11C001316CC /* PaintImage.png in Resources */,
				E8A5750F1AB363830028D82D /* Images.xcassets in Resources */,
			);
			runOnlyForDeploymentPostprocessing = 0;
		};
		E8A575151AB363830028D82D /* Resources */ = {
			isa = PBXResourcesBuildPhase;
			buildActionMask = 2147483647;
			files = (
			);
			runOnlyForDeploymentPostprocessing = 0;
		};
/* End PBXResourcesBuildPhase section */

/* Begin PBXSourcesBuildPhase section */
		E8A574FA1AB363830028D82D /* Sources */ = {
			isa = PBXSourcesBuildPhase;
			buildActionMask = 2147483647;
			files = (
				E8DD406C1AB8C9EF001316CC /* ASCurrentColorView.m in Sources */,
				E8A5750A1AB363830028D82D /* ViewController.m in Sources */,
				E8DD406F1AB8CA57001316CC /* ASDrawingView.m in Sources */,
				E8A575071AB363830028D82D /* AppDelegate.m in Sources */,
				E8A575041AB363830028D82D /* main.m in Sources */,
			);
			runOnlyForDeploymentPostprocessing = 0;
		};
		E8A575131AB363830028D82D /* Sources */ = {
			isa = PBXSourcesBuildPhase;
			buildActionMask = 2147483647;
			files = (
				E8A5751E1AB363830028D82D /* ASDrawOnCanvasHWTests.m in Sources */,
			);
			runOnlyForDeploymentPostprocessing = 0;
		};
/* End PBXSourcesBuildPhase section */

/* Begin PBXTargetDependency section */
		E8A575191AB363830028D82D /* PBXTargetDependency */ = {
			isa = PBXTargetDependency;
			target = E8A574FD1AB363830028D82D /* ASDrawOnCanvasHW */;
			targetProxy = E8A575181AB363830028D82D /* PBXContainerItemProxy */;
		};
/* End PBXTargetDependency section */

/* Begin PBXVariantGroup section */
		E8A5750B1AB363830028D82D /* Main.storyboard */ = {
			isa = PBXVariantGroup;
			children = (
				E8A5750C1AB363830028D82D /* Base */,
			);
			name = Main.storyboard;
			sourceTree = "<group>";
		};
		E8A575101AB363830028D82D /* LaunchScreen.xib */ = {
			isa = PBXVariantGroup;
			children = (
				E8A575111AB363830028D82D /* Base */,
			);
			name = LaunchScreen.xib;
			sourceTree = "<group>";
		};
/* End PBXVariantGroup section */

/* Begin XCBuildConfiguration section */
		E8A5751F1AB363830028D82D /* Debug */ = {
			isa = XCBuildConfiguration;
			buildSettings = {
				ALWAYS_SEARCH_USER_PATHS = NO;
				CLANG_CXX_LANGUAGE_STANDARD = "gnu++0x";
				CLANG_CXX_LIBRARY = "libc++";
				CLANG_ENABLE_MODULES = YES;
				CLANG_ENABLE_OBJC_ARC = YES;
				CLANG_WARN_BOOL_CONVERSION = YES;
				CLANG_WARN_CONSTANT_CONVERSION = YES;
				CLANG_WARN_DIRECT_OBJC_ISA_USAGE = YES_ERROR;
				CLANG_WARN_EMPTY_BODY = YES;
				CLANG_WARN_ENUM_CONVERSION = YES;
				CLANG_WARN_INT_CONVERSION = YES;
				CLANG_WARN_OBJC_ROOT_CLASS = YES_ERROR;
				CLANG_WARN_UNREACHABLE_CODE = YES;
				CLANG_WARN__DUPLICATE_METHOD_MATCH = YES;
				"CODE_SIGN_IDENTITY[sdk=iphoneos*]" = "iPhone Developer";
				COPY_PHASE_STRIP = NO;
				ENABLE_STRICT_OBJC_MSGSEND = YES;
				GCC_C_LANGUAGE_STANDARD = gnu99;
				GCC_DYNAMIC_NO_PIC = NO;
				GCC_OPTIMIZATION_LEVEL = 0;
				GCC_PREPROCESSOR_DEFINITIONS = (
					"DEBUG=1",
					"$(inherited)",
				);
				GCC_SYMBOLS_PRIVATE_EXTERN = NO;
				GCC_WARN_64_TO_32_BIT_CONVERSION = YES;
				GCC_WARN_ABOUT_RETURN_TYPE = YES_ERROR;
				GCC_WARN_UNDECLARED_SELECTOR = YES;
				GCC_WARN_UNINITIALIZED_AUTOS = YES_AGGRESSIVE;
				GCC_WARN_UNUSED_FUNCTION = YES;
				GCC_WARN_UNUSED_VARIABLE = YES;
				IPHONEOS_DEPLOYMENT_TARGET = 8.1;
				MTL_ENABLE_DEBUG_INFO = YES;
				ONLY_ACTIVE_ARCH = YES;
				SDKROOT = iphoneos;
				TARGETED_DEVICE_FAMILY = "1,2";
			};
			name = Debug;
		};
		E8A575201AB363830028D82D /* Release */ = {
			isa = XCBuildConfiguration;
			buildSettings = {
				ALWAYS_SEARCH_USER_PATHS = NO;
				CLANG_CXX_LANGUAGE_STANDARD = "gnu++0x";
				CLANG_CXX_LIBRARY = "libc++";
				CLANG_ENABLE_MODULES = YES;
				CLANG_ENABLE_OBJC_ARC = YES;
				CLANG_WARN_BOOL_CONVERSION = YES;
				CLANG_WARN_CONSTANT_CONVERSION = YES;
				CLANG_WARN_DIRECT_OBJC_ISA_USAGE = YES_ERROR;
				CLANG_WARN_EMPTY_BODY = YES;
				CLANG_WARN_ENUM_CONVERSION = YES;
				CLANG_WARN_INT_CONVERSION = YES;
				CLANG_WARN_OBJC_ROOT_CLASS = YES_ERROR;
				CLANG_WARN_UNREACHABLE_CODE = YES;
				CLANG_WARN__DUPLICATE_METHOD_MATCH = YES;
				"CODE_SIGN_IDENTITY[sdk=iphoneos*]" = "iPhone Developer";
				COPY_PHASE_STRIP = YES;
				ENABLE_NS_ASSERTIONS = NO;
				ENABLE_STRICT_OBJC_MSGSEND = YES;
				GCC_C_LANGUAGE_STANDARD = gnu99;
				GCC_WARN_64_TO_32_BIT_CONVERSION = YES;
				GCC_WARN_ABOUT_RETURN_TYPE = YES_ERROR;
				GCC_WARN_UNDECLARED_SELECTOR = YES;
				GCC_WARN_UNINITIALIZED_AUTOS = YES_AGGRESSIVE;
				GCC_WARN_UNUSED_FUNCTION = YES;
				GCC_WARN_UNUSED_VARIABLE = YES;
				IPHONEOS_DEPLOYMENT_TARGET = 8.1;
				MTL_ENABLE_DEBUG_INFO = NO;
				SDKROOT = iphoneos;
				TARGETED_DEVICE_FAMILY = "1,2";
				VALIDATE_PRODUCT = YES;
			};
			name = Release;
		};
		E8A575221AB363830028D82D /* Debug */ = {
			isa = XCBuildConfiguration;
			buildSettings = {
				ASSETCATALOG_COMPILER_APPICON_NAME = AppIcon;
				INFOPLIST_FILE = ASDrawOnCanvasHW/Info.plist;
				LD_RUNPATH_SEARCH_PATHS = "$(inherited) @executable_path/Frameworks";
				PRODUCT_NAME = "$(TARGET_NAME)";
				TARGETED_DEVICE_FAMILY = 2;
			};
			name = Debug;
		};
		E8A575231AB363830028D82D /* Release */ = {
			isa = XCBuildConfiguration;
			buildSettings = {
				ASSETCATALOG_COMPILER_APPICON_NAME = AppIcon;
				INFOPLIST_FILE = ASDrawOnCanvasHW/Info.plist;
				LD_RUNPATH_SEARCH_PATHS = "$(inherited) @executable_path/Frameworks";
				PRODUCT_NAME = "$(TARGET_NAME)";
				TARGETED_DEVICE_FAMILY = 2;
			};
			name = Release;
		};
		E8A575251AB363830028D82D /* Debug */ = {
			isa = XCBuildConfiguration;
			buildSettings = {
				BUNDLE_LOADER = "$(TEST_HOST)";
				FRAMEWORK_SEARCH_PATHS = (
					"$(SDKROOT)/Developer/Library/Frameworks",
					"$(inherited)",
				);
				GCC_PREPROCESSOR_DEFINITIONS = (
					"DEBUG=1",
					"$(inherited)",
				);
				INFOPLIST_FILE = ASDrawOnCanvasHWTests/Info.plist;
				LD_RUNPATH_SEARCH_PATHS = "$(inherited) @executable_path/Frameworks @loader_path/Frameworks";
				PRODUCT_NAME = "$(TARGET_NAME)";
				TEST_HOST = "$(BUILT_PRODUCTS_DIR)/ASDrawOnCanvasHW.app/ASDrawOnCanvasHW";
			};
			name = Debug;
		};
		E8A575261AB363830028D82D /* Release */ = {
			isa = XCBuildConfiguration;
			buildSettings = {
				BUNDLE_LOADER = "$(TEST_HOST)";
				FRAMEWORK_SEARCH_PATHS = (
					"$(SDKROOT)/Developer/Library/Frameworks",
					"$(inherited)",
				);
				INFOPLIST_FILE = ASDrawOnCanvasHWTests/Info.plist;
				LD_RUNPATH_SEARCH_PATHS = "$(inherited) @executable_path/Frameworks @loader_path/Frameworks";
				PRODUCT_NAME = "$(TARGET_NAME)";
				TEST_HOST = "$(BUILT_PRODUCTS_DIR)/ASDrawOnCanvasHW.app/ASDrawOnCanvasHW";
			};
			name = Release;
		};
/* End XCBuildConfiguration section */

/* Begin XCConfigurationList section */
		E8A574F91AB363830028D82D /* Build configuration list for PBXProject "ASDrawOnCanvasHW" */ = {
			isa = XCConfigurationList;
			buildConfigurations = (
				E8A5751F1AB363830028D82D /* Debug */,
				E8A575201AB363830028D82D /* Release */,
			);
			defaultConfigurationIsVisible = 0;
			defaultConfigurationName = Release;
		};
		E8A575211AB363830028D82D /* Build configuration list for PBXNativeTarget "ASDrawOnCanvasHW" */ = {
			isa = XCConfigurationList;
			buildConfigurations = (
				E8A575221AB363830028D82D /* Debug */,
				E8A575231AB363830028D82D /* Release */,
			);
			defaultConfigurationIsVisible = 0;
			defaultConfigurationName = Release;
		};
		E8A575241AB363830028D82D /* Build configuration list for PBXNativeTarget "ASDrawOnCanvasHWTests" */ = {
			isa = XCConfigurationList;
			buildConfigurations = (
				E8A575251AB363830028D82D /* Debug */,
				E8A575261AB363830028D82D /* Release */,
			);
			defaultConfigurationIsVisible = 0;
			defaultConfigurationName = Release;
		};
/* End XCConfigurationList section */
	};
	rootObject = E8A574F61AB363830028D82D /* Project object */;
}
